// !$*UTF8*$!
{
	archiveVersion = 1;
	classes = {
	};
	objectVersion = 48;
	objects = {

/* Begin PBXBuildFile section */
		F24D33DC1F4F166E00CBD1A3 /* AppDelegate.swift in Sources */ = {isa = PBXBuildFile; fileRef = F24D33DB1F4F166E00CBD1A3 /* AppDelegate.swift */; };
		F24D33DE1F4F166E00CBD1A3 /* ViewController.swift in Sources */ = {isa = PBXBuildFile; fileRef = F24D33DD1F4F166E00CBD1A3 /* ViewController.swift */; };
		F24D33E01F4F166E00CBD1A3 /* Assets.xcassets in Resources */ = {isa = PBXBuildFile; fileRef = F24D33DF1F4F166E00CBD1A3 /* Assets.xcassets */; };
		F24D33E31F4F166E00CBD1A3 /* Main.storyboard in Resources */ = {isa = PBXBuildFile; fileRef = F24D33E11F4F166E00CBD1A3 /* Main.storyboard */; };
/* End PBXBuildFile section */

/* Begin PBXFileReference section */
		F24D33D81F4F166E00CBD1A3 /* meinerstesprojekt.app */ = {isa = PBXFileReference; explicitFileType = wrapper.application; includeInIndex = 0; path = meinerstesprojekt.app; sourceTree = BUILT_PRODUCTS_DIR; };
		F24D33DB1F4F166E00CBD1A3 /* AppDelegate.swift */ = {isa = PBXFileReference; lastKnownFileType = sourcecode.swift; path = AppDelegate.swift; sourceTree = "<group>"; };
		F24D33DD1F4F166E00CBD1A3 /* ViewController.swift */ = {isa = PBXFileReference; lastKnownFileType = sourcecode.swift; path = ViewController.swift; sourceTree = "<group>"; };
		F24D33DF1F4F166E00CBD1A3 /* Assets.xcassets */ = {isa = PBXFileReference; lastKnownFileType = folder.assetcatalog; path = Assets.xcassets; sourceTree = "<group>"; };
		F24D33E21F4F166E00CBD1A3 /* Base */ = {isa = PBXFileReference; lastKnownFileType = file.storyboard; name = Base; path = Base.lproj/Main.storyboard; sourceTree = "<group>"; };
		F24D33E41F4F166E00CBD1A3 /* Info.plist */ = {isa = PBXFileReference; lastKnownFileType = text.plist.xml; path = Info.plist; sourceTree = "<group>"; };
		F24D33E51F4F166E00CBD1A3 /* meinerstesprojekt.entitlements */ = {isa = PBXFileReference; lastKnownFileType = text.plist.entitlements; path = meinerstesprojekt.entitlements; sourceTree = "<group>"; };
/* End PBXFileReference section */

/* Begin PBXFrameworksBuildPhase section */
		F24D33D51F4F166E00CBD1A3 /* Frameworks */ = {
			isa = PBXFrameworksBuildPhase;
			buildActionMask = 2147483647;
			files = (
			);
			runOnlyForDeploymentPostprocessing = 0;
		};
/* End PBXFrameworksBuildPhase section */

/* Begin PBXGroup section */
		F24D33CF1F4F166E00CBD1A3 = {
			isa = PBXGroup;
			children = (
				F24D33DA1F4F166E00CBD1A3 /* meinerstesprojekt */,
				F24D33D91F4F166E00CBD1A3 /* Products */,
			);
			sourceTree = "<group>";
		};
		F24D33D91F4F166E00CBD1A3 /* Products */ = {
			isa = PBXGroup;
			children = (
				F24D33D81F4F166E00CBD1A3 /* meinerstesprojekt.app */,
			);
			name = Products;
			sourceTree = "<group>";
		};
		F24D33DA1F4F166E00CBD1A3 /* meinerstesprojekt */ = {
			isa = PBXGroup;
			children = (
				F24D33DB1F4F166E00CBD1A3 /* AppDelegate.swift */,
				F24D33DD1F4F166E00CBD1A3 /* ViewController.swift */,
				F24D33DF1F4F166E00CBD1A3 /* Assets.xcassets */,
				F24D33E11F4F166E00CBD1A3 /* Main.storyboard */,
				F24D33E41F4F166E00CBD1A3 /* Info.plist */,
				F24D33E51F4F166E00CBD1A3 /* meinerstesprojekt.entitlements */,
			);
			path = meinerstesprojekt;
			sourceTree = "<group>";
		};
/* End PBXGroup section */

/* Begin PBXNativeTarget section */
		F24D33D71F4F166E00CBD1A3 /* meinerstesprojekt */ = {
			isa = PBXNativeTarget;
			buildConfigurationList = F24D33E81F4F166E00CBD1A3 /* Build configuration list for PBXNativeTarget "meinerstesprojekt" */;
			buildPhases = (
				F24D33D41F4F166E00CBD1A3 /* Sources */,
				F24D33D51F4F166E00CBD1A3 /* Frameworks */,
				F24D33D61F4F166E00CBD1A3 /* Resources */,
			);
			buildRules = (
			);
			dependencies = (
			);
			name = meinerstesprojekt;
			productName = meinerstesprojekt;
			productReference = F24D33D81F4F166E00CBD1A3 /* meinerstesprojekt.app */;
			productType = "com.apple.product-type.application";
		};
/* End PBXNativeTarget section */

/* Begin PBXProject section */
		F24D33D01F4F166E00CBD1A3 /* Project object */ = {
			isa = PBXProject;
			attributes = {
				LastSwiftUpdateCheck = 0900;
				LastUpgradeCheck = 0900;
				ORGANIZATIONNAME = tkaltschmidt;
				TargetAttributes = {
					F24D33D71F4F166E00CBD1A3 = {
						CreatedOnToolsVersion = 9.0;
						ProvisioningStyle = Automatic;
					};
				};
			};
			buildConfigurationList = F24D33D31F4F166E00CBD1A3 /* Build configuration list for PBXProject "meinerstesprojekt" */;
			compatibilityVersion = "Xcode 8.0";
			developmentRegion = en;
			hasScannedForEncodings = 0;
			knownRegions = (
				en,
				Base,
			);
			mainGroup = F24D33CF1F4F166E00CBD1A3;
			productRefGroup = F24D33D91F4F166E00CBD1A3 /* Products */;
			projectDirPath = "";
			projectRoot = "";
			targets = (
				F24D33D71F4F166E00CBD1A3 /* meinerstesprojekt */,
			);
		};
/* End PBXProject section */

/* Begin PBXResourcesBuildPhase section */
		F24D33D61F4F166E00CBD1A3 /* Resources */ = {
			isa = PBXResourcesBuildPhase;
			buildActionMask = 2147483647;
			files = (
				F24D33E01F4F166E00CBD1A3 /* Assets.xcassets in Resources */,
				F24D33E31F4F166E00CBD1A3 /* Main.storyboard in Resources */,
			);
			runOnlyForDeploymentPostprocessing = 0;
		};
/* End PBXResourcesBuildPhase section */

/* Begin PBXSourcesBuildPhase section */
		F24D33D41F4F166E00CBD1A3 /* Sources */ = {
			isa = PBXSourcesBuildPhase;
			buildActionMask = 2147483647;
			files = (
				F24D33DE1F4F166E00CBD1A3 /* ViewController.swift in Sources */,
				F24D33DC1F4F166E00CBD1A3 /* AppDelegate.swift in Sources */,
			);
			runOnlyForDeploymentPostprocessing = 0;
		};
/* End PBXSourcesBuildPhase section */

/* Begin PBXVariantGroup section */
		F24D33E11F4F166E00CBD1A3 /* Main.storyboard */ = {
			isa = PBXVariantGroup;
			children = (
				F24D33E21F4F166E00CBD1A3 /* Base */,
			);
			name = Main.storyboard;
			sourceTree = "<group>";
		};
/* End PBXVariantGroup section */

/* Begin XCBuildConfiguration section */
		F24D33E61F4F166E00CBD1A3 /* Debug */ = {
			isa = XCBuildConfiguration;
			buildSettings = {
				ALWAYS_SEARCH_USER_PATHS = NO;
				CLANG_ANALYZER_NONNULL = YES;
				CLANG_ANALYZER_NUMBER_OBJECT_CONVERSION = YES_AGGRESSIVE;
				CLANG_CXX_LANGUAGE_STANDARD = "gnu++14";
				CLANG_CXX_LIBRARY = "libc++";
				CLANG_ENABLE_MODULES = YES;
				CLANG_ENABLE_OBJC_ARC = YES;
				CLANG_WARN_BLOCK_CAPTURE_AUTORELEASING = YES;
				CLANG_WARN_BOOL_CONVERSION = YES;
				CLANG_WARN_COMMA = YES;
				CLANG_WARN_CONSTANT_CONVERSION = YES;
				CLANG_WARN_DIRECT_OBJC_ISA_USAGE = YES_ERROR;
				CLANG_WARN_DOCUMENTATION_COMMENTS = YES;
				CLANG_WARN_EMPTY_BODY = YES;
				CLANG_WARN_ENUM_CONVERSION = YES;
				CLANG_WARN_INFINITE_RECURSION = YES;
				CLANG_WARN_INT_CONVERSION = YES;
				CLANG_WARN_NON_LITERAL_NULL_CONVERSION = YES;
				CLANG_WARN_OBJC_LITERAL_CONVERSION = YES;
				CLANG_WARN_OBJC_ROOT_CLASS = YES_ERROR;
				CLANG_WARN_RANGE_LOOP_ANALYSIS = YES;
				CLANG_WARN_STRICT_PROTOTYPES = YES;
				CLANG_WARN_SUSPICIOUS_MOVE = YES;
				CLANG_WARN_UNGUARDED_AVAILABILITY = YES_AGGRESSIVE;
				CLANG_WARN_UNREACHABLE_CODE = YES;
				CLANG_WARN__DUPLICATE_METHOD_MATCH = YES;
				CODE_SIGN_IDENTITY = "Mac Developer";
				COPY_PHASE_STRIP = NO;
				DEBUG_INFORMATION_FORMAT = dwarf;
				ENABLE_STRICT_OBJC_MSGSEND = YES;
				ENABLE_TESTABILITY = YES;
				GCC_C_LANGUAGE_STANDARD = gnu11;
				GCC_DYNAMIC_NO_PIC = NO;
				GCC_NO_COMMON_BLOCKS = YES;
				GCC_OPTIMIZATION_LEVEL = 0;
				GCC_PREPROCESSOR_DEFINITIONS = (
					"DEBUG=1",
					"$(inherited)",
				);
				GCC_WARN_64_TO_32_BIT_CONVERSION = YES;
				GCC_WARN_ABOUT_RETURN_TYPE = YES_ERROR;
				GCC_WARN_UNDECLARED_SELECTOR = YES;
				GCC_WARN_UNINITIALIZED_AUTOS = YES_AGGRESSIVE;
				GCC_WARN_UNUSED_FUNCTION = YES;
				GCC_WARN_UNUSED_VARIABLE = YES;
				MACOSX_DEPLOYMENT_TARGET = 10.12;
				MTL_ENABLE_DEBUG_INFO = YES;
				ONLY_ACTIVE_ARCH = YES;
				SDKROOT = macosx;
				SWIFT_ACTIVE_COMPILATION_CONDITIONS = DEBUG;
				SWIFT_OPTIMIZATION_LEVEL = "-Onone";
			};
			name = Debug;
		};
		F24D33E71F4F166E00CBD1A3 /* Release */ = {
			isa = XCBuildConfiguration;
			buildSettings = {
				ALWAYS_SEARCH_USER_PATHS = NO;
				CLANG_ANALYZER_NONNULL = YES;
				CLANG_ANALYZER_NUMBER_OBJECT_CONVERSION = YES_AGGRESSIVE;
				CLANG_CXX_LANGUAGE_STANDARD = "gnu++14";
				CLANG_CXX_LIBRARY = "libc++";
				CLANG_ENABLE_MODULES = YES;
				CLANG_ENABLE_OBJC_ARC = YES;
				CLANG_WARN_BLOCK_CAPTURE_AUTORELEASING = YES;
				CLANG_WARN_BOOL_CONVERSION = YES;
				CLANG_WARN_COMMA = YES;
				CLANG_WARN_CONSTANT_CONVERSION = YES;
				CLANG_WARN_DIRECT_OBJC_ISA_USAGE = YES_ERROR;
				CLANG_WARN_DOCUMENTATION_COMMENTS = YES;
				CLANG_WARN_EMPTY_BODY = YES;
				CLANG_WARN_ENUM_CONVERSION = YES;
				CLANG_WARN_INFINITE_RECURSION = YES;
				CLANG_WARN_INT_CONVERSION = YES;
				CLANG_WARN_NON_LITERAL_NULL_CONVERSION = YES;
				CLANG_WARN_OBJC_LITERAL_CONVERSION = YES;
				CLANG_WARN_OBJC_ROOT_CLASS = YES_ERROR;
				CLANG_WARN_RANGE_LOOP_ANALYSIS = YES;
				CLANG_WARN_STRICT_PROTOTYPES = YES;
				CLANG_WARN_SUSPICIOUS_MOVE = YES;
				CLANG_WARN_UNGUARDED_AVAILABILITY = YES_AGGRESSIVE;
				CLANG_WARN_UNREACHABLE_CODE = YES;
				CLANG_WARN__DUPLICATE_METHOD_MATCH = YES;
				CODE_SIGN_IDENTITY = "Mac Developer";
				COPY_PHASE_STRIP = NO;
				DEBUG_INFORMATION_FORMAT = "dwarf-with-dsym";
				ENABLE_NS_ASSERTIONS = NO;
				ENABLE_STRICT_OBJC_MSGSEND = YES;
				GCC_C_LANGUAGE_STANDARD = gnu11;
				GCC_NO_COMMON_BLOCKS = YES;
				GCC_WARN_64_TO_32_BIT_CONVERSION = YES;
				GCC_WARN_ABOUT_RETURN_TYPE = YES_ERROR;
				GCC_WARN_UNDECLARED_SELECTOR = YES;
				GCC_WARN_UNINITIALIZED_AUTOS = YES_AGGRESSIVE;
				GCC_WARN_UNUSED_FUNCTION = YES;
				GCC_WARN_UNUSED_VARIABLE = YES;
				MACOSX_DEPLOYMENT_TARGET = 10.12;
				MTL_ENABLE_DEBUG_INFO = NO;
				SDKROOT = macosx;
				SWIFT_OPTIMIZATION_LEVEL = "-Owholemodule";
			};
			name = Release;
		};
		F24D33E91F4F166E00CBD1A3 /* Debug */ = {
			isa = XCBuildConfiguration;
			buildSettings = {
				ASSETCATALOG_COMPILER_APPICON_NAME = AppIcon;
				CODE_SIGN_ENTITLEMENTS = meinerstesprojekt/meinerstesprojekt.entitlements;
				CODE_SIGN_STYLE = Automatic;
				COMBINE_HIDPI_IMAGES = YES;
				DEVELOPMENT_TEAM = SJ54QJ5B8V;
				INFOPLIST_FILE = meinerstesprojekt/Info.plist;
				LD_RUNPATH_SEARCH_PATHS = "$(inherited) @executable_path/../Frameworks";
				PRODUCT_BUNDLE_IDENTIFIER = de.bitmix.meinerstesprojekt;
				PRODUCT_NAME = "$(TARGET_NAME)";
				SWIFT_VERSION = 4.0;
			};
			name = Debug;
		};
		F24D33EA1F4F166E00CBD1A3 /* Release */ = {
			isa = XCBuildConfiguration;
			buildSettings = {
				ASSETCATALOG_COMPILER_APPICON_NAME = AppIcon;
				CODE_SIGN_ENTITLEMENTS = meinerstesprojekt/meinerstesprojekt.entitlements;
				CODE_SIGN_STYLE = Automatic;
				COMBINE_HIDPI_IMAGES = YES;
				DEVELOPMENT_TEAM = SJ54QJ5B8V;
				INFOPLIST_FILE = meinerstesprojekt/Info.plist;
				LD_RUNPATH_SEARCH_PATHS = "$(inherited) @executable_path/../Frameworks";
				PRODUCT_BUNDLE_IDENTIFIER = de.bitmix.meinerstesprojekt;
				PRODUCT_NAME = "$(TARGET_NAME)";
				SWIFT_VERSION = 4.0;
			};
			name = Release;
		};
/* End XCBuildConfiguration section */

/* Begin XCConfigurationList section */
		F24D33D31F4F166E00CBD1A3 /* Build configuration list for PBXProject "meinerstesprojekt" */ = {
			isa = XCConfigurationList;
			buildConfigurations = (
				F24D33E61F4F166E00CBD1A3 /* Debug */,
				F24D33E71F4F166E00CBD1A3 /* Release */,
			);
			defaultConfigurationIsVisible = 0;
			defaultConfigurationName = Release;
		};
		F24D33E81F4F166E00CBD1A3 /* Build configuration list for PBXNativeTarget "meinerstesprojekt" */ = {
			isa = XCConfigurationList;
			buildConfigurations = (
				F24D33E91F4F166E00CBD1A3 /* Debug */,
				F24D33EA1F4F166E00CBD1A3 /* Release */,
			);
			defaultConfigurationIsVisible = 0;
			defaultConfigurationName = Release;
		};
/* End XCConfigurationList section */
	};
	rootObject = F24D33D01F4F166E00CBD1A3 /* Project object */;
}
